
Microsoft Visual Studio Solution File, Format Version 12.00
# Visual Studio Version 17
VisualStudioVersion = 17.0.31903.59
MinimumVisualStudioVersion = 10.0.40219.1
Project("{2150E333-8FDC-42A3-9474-1A3956D46DE8}") = "src", "src", "{827E0CD3-B72D-47B6-A68D-7590B98EB39B}"
EndProject
Project("{FAE04EC0-301F-11D3-BF4B-00C04F79EFBC}") = "Jarvis.Domain", "src\Jarvis.Domain\Jarvis.Domain.csproj", "{FCB8C1C1-46FA-4B7A-97B7-7530AF0C9BBC}"
EndProject
Project("{FAE04EC0-301F-11D3-BF4B-00C04F79EFBC}") = "Jarvis.Application", "src\Jarvis.Application\Jarvis.Application.csproj", "{2AC656F9-BB77-4CCE-BBB4-E5F76918B4DE}"
EndProject
Project("{FAE04EC0-301F-11D3-BF4B-00C04F79EFBC}") = "Jarvis.Infrastructure", "src\Jarvis.Infrastructure\Jarvis.Infrastructure.csproj", "{6829EA4E-3FDF-4CAE-9B62-19FA5BB19686}"
EndProject
Project("{FAE04EC0-301F-11D3-BF4B-00C04F79EFBC}") = "Jarvis.Agents", "src\Jarvis.Agents\Jarvis.Agents.csproj", "{C87736F8-65A0-4389-96C8-DA076726A861}"
EndProject
Project("{FAE04EC0-301F-11D3-BF4B-00C04F79EFBC}") = "Jarvis.Memory", "src\Jarvis.Memory\Jarvis.Memory.csproj", "{6D11EDAC-8CA6-4908-9DF0-E6A751FE5653}"
EndProject
Project("{FAE04EC0-301F-11D3-BF4B-00C04F79EFBC}") = "Jarvis.Mcp", "src\Jarvis.Mcp\Jarvis.Mcp.csproj", "{3DB8FB5D-2B73-465D-92CD-DAB0910C820F}"
EndProject
Project("{FAE04EC0-301F-11D3-BF4B-00C04F79EFBC}") = "Jarvis.Workflows", "src\Jarvis.Workflows\Jarvis.Workflows.csproj", "{3CC03235-722E-41AF-8197-5C889E2631AF}"
EndProject
Project("{FAE04EC0-301F-11D3-BF4B-00C04F79EFBC}") = "Jarvis.Api", "src\Jarvis.Api\Jarvis.Api.csproj", "{89476AFD-7F65-4CF1-B0CB-BD59706BA213}"
EndProject
Project("{FAE04EC0-301F-11D3-BF4B-00C04F79EFBC}") = "Jarvis.ServiceDefaults", "src\Jarvis.ServiceDefaults\Jarvis.ServiceDefaults.csproj", "{0EBD1D07-2567-4952-AA78-7A6DA412F8D8}"
EndProject
Project("{FAE04EC0-301F-11D3-BF4B-00C04F79EFBC}") = "Jarvis.AppHost", "src\Jarvis.AppHost\Jarvis.AppHost.csproj", "{6BEB311B-9717-4442-8DFF-C9EC8CAF45F3}"
EndProject
Project("{2150E333-8FDC-42A3-9474-1A3956D46DE8}") = "workers", "workers", "{20543853-AF10-B830-2A3D-9FE9F6ECBF6C}"
EndProject
Project("{FAE04EC0-301F-11D3-BF4B-00C04F79EFBC}") = "Jarvis.Worker", "workers\Jarvis.Worker\Jarvis.Worker.csproj", "{9E73FB10-C632-4C29-A986-830D451DEE95}"
EndProject
Project("{2150E333-8FDC-42A3-9474-1A3956D46DE8}") = "tests", "tests", "{0AB3BF05-4346-4AA6-1389-037BE0695223}"
EndProject
Project("{FAE04EC0-301F-11D3-BF4B-00C04F79EFBC}") = "Jarvis.UnitTests", "tests\unit\Jarvis.UnitTests\Jarvis.UnitTests.csproj", "{1D445CAD-551B-4549-AD64-C1EAAD5666EA}"
EndProject
Project("{FAE04EC0-301F-11D3-BF4B-00C04F79EFBC}") = "Jarvis.IntegrationTests", "tests\integration\Jarvis.IntegrationTests\Jarvis.IntegrationTests.csproj", "{CCAD885D-D8A0-48C0-838B-44D40978ED53}"
EndProject
Project("{FAE04EC0-301F-11D3-BF4B-00C04F79EFBC}") = "Jarvis.MemoryEval", "tests\eval\Jarvis.MemoryEval\Jarvis.MemoryEval.csproj", "{571A0A86-18BF-4E2E-9EBC-E330C0C01FDB}"
EndProject
Project("{2150E333-8FDC-42A3-9474-1A3956D46DE8}") = "eval", "eval", "{1C8B2A20-2122-0F0C-E3DC-3AE7C1E384F0}"
EndProject
Project("{FAE04EC0-301F-11D3-BF4B-00C04F79EFBC}") = "Jarvis.ExtractionEval", "tests\eval\Jarvis.ExtractionEval\Jarvis.ExtractionEval.csproj", "{D8301893-6C8D-4A31-8AC6-84156F085D4F}"
EndProject
Project("{FAE04EC0-301F-11D3-BF4B-00C04F79EFBC}") = "Jarvis.CompactionEval", "tests\eval\Jarvis.CompactionEval\Jarvis.CompactionEval.csproj", "{36FDD145-779F-425D-BDFF-54E26D57CF01}"
EndProject
Project("{FAE04EC0-301F-11D3-BF4B-00C04F79EFBC}") = "Jarvis.GraphEval", "tests\eval\Jarvis.GraphEval\Jarvis.GraphEval.csproj", "{A81531D1-08A8-4CE4-9448-B4E7AB43F443}"
EndProject
Global
	GlobalSection(SolutionConfigurationPlatforms) = preSolution
		Debug|Any CPU = Debug|Any CPU
		Debug|x64 = Debug|x64
		Debug|x86 = Debug|x86
		Release|Any CPU = Release|Any CPU
		Release|x64 = Release|x64
		Release|x86 = Release|x86
	EndGlobalSection
	GlobalSection(ProjectConfigurationPlatforms) = postSolution
		{FCB8C1C1-46FA-4B7A-97B7-7530AF0C9BBC}.Debug|Any CPU.ActiveCfg = Debug|Any CPU
		{FCB8C1C1-46FA-4B7A-97B7-7530AF0C9BBC}.Debug|Any CPU.Build.0 = Debug|Any CPU
		{FCB8C1C1-46FA-4B7A-97B7-7530AF0C9BBC}.Debug|x64.ActiveCfg = Debug|Any CPU
		{FCB8C1C1-46FA-4B7A-97B7-7530AF0C9BBC}.Debug|x64.Build.0 = Debug|Any CPU
		{FCB8C1C1-46FA-4B7A-97B7-7530AF0C9BBC}.Debug|x86.ActiveCfg = Debug|Any CPU
		{FCB8C1C1-46FA-4B7A-97B7-7530AF0C9BBC}.Debug|x86.Build.0 = Debug|Any CPU
		{FCB8C1C1-46FA-4B7A-97B7-7530AF0C9BBC}.Release|Any CPU.ActiveCfg = Release|Any CPU
		{FCB8C1C1-46FA-4B7A-97B7-7530AF0C9BBC}.Release|Any CPU.Build.0 = Release|Any CPU
		{FCB8C1C1-46FA-4B7A-97B7-7530AF0C9BBC}.Release|x64.ActiveCfg = Release|Any CPU
		{FCB8C1C1-46FA-4B7A-97B7-7530AF0C9BBC}.Release|x64.Build.0 = Release|Any CPU
		{FCB8C1C1-46FA-4B7A-97B7-7530AF0C9BBC}.Release|x86.ActiveCfg = Release|Any CPU
		{FCB8C1C1-46FA-4B7A-97B7-7530AF0C9BBC}.Release|x86.Build.0 = Release|Any CPU
		{2AC656F9-BB77-4CCE-BBB4-E5F76918B4DE}.Debug|Any CPU.ActiveCfg = Debug|Any CPU
		{2AC656F9-BB77-4CCE-BBB4-E5F76918B4DE}.Debug|Any CPU.Build.0 = Debug|Any CPU
		{2AC656F9-BB77-4CCE-BBB4-E5F76918B4DE}.Debug|x64.ActiveCfg = Debug|Any CPU
		{2AC656F9-BB77-4CCE-BBB4-E5F76918B4DE}.Debug|x64.Build.0 = Debug|Any CPU
		{2AC656F9-BB77-4CCE-BBB4-E5F76918B4DE}.Debug|x86.ActiveCfg = Debug|Any CPU
		{2AC656F9-BB77-4CCE-BBB4-E5F76918B4DE}.Debug|x86.Build.0 = Debug|Any CPU
		{2AC656F9-BB77-4CCE-BBB4-E5F76918B4DE}.Release|Any CPU.ActiveCfg = Release|Any CPU
		{2AC656F9-BB77-4CCE-BBB4-E5F76918B4DE}.Release|Any CPU.Build.0 = Release|Any CPU
		{2AC656F9-BB77-4CCE-BBB4-E5F76918B4DE}.Release|x64.ActiveCfg = Release|Any CPU
		{2AC656F9-BB77-4CCE-BBB4-E5F76918B4DE}.Release|x64.Build.0 = Release|Any CPU
		{2AC656F9-BB77-4CCE-BBB4-E5F76918B4DE}.Release|x86.ActiveCfg = Release|Any CPU
		{2AC656F9-BB77-4CCE-BBB4-E5F76918B4DE}.Release|x86.Build.0 = Release|Any CPU
		{6829EA4E-3FDF-4CAE-9B62-19FA5BB19686}.Debug|Any CPU.ActiveCfg = Debug|Any CPU
		{6829EA4E-3FDF-4CAE-9B62-19FA5BB19686}.Debug|Any CPU.Build.0 = Debug|Any CPU
		{6829EA4E-3FDF-4CAE-9B62-19FA5BB19686}.Debug|x64.ActiveCfg = Debug|Any CPU
		{6829EA4E-3FDF-4CAE-9B62-19FA5BB19686}.Debug|x64.Build.0 = Debug|Any CPU
		{6829EA4E-3FDF-4CAE-9B62-19FA5BB19686}.Debug|x86.ActiveCfg = Debug|Any CPU
		{6829EA4E-3FDF-4CAE-9B62-19FA5BB19686}.Debug|x86.Build.0 = Debug|Any CPU
		{6829EA4E-3FDF-4CAE-9B62-19FA5BB19686}.Release|Any CPU.ActiveCfg = Release|Any CPU
		{6829EA4E-3FDF-4CAE-9B62-19FA5BB19686}.Release|Any CPU.Build.0 = Release|Any CPU
		{6829EA4E-3FDF-4CAE-9B62-19FA5BB19686}.Release|x64.ActiveCfg = Release|Any CPU
		{6829EA4E-3FDF-4CAE-9B62-19FA5BB19686}.Release|x64.Build.0 = Release|Any CPU
		{6829EA4E-3FDF-4CAE-9B62-19FA5BB19686}.Release|x86.ActiveCfg = Release|Any CPU
		{6829EA4E-3FDF-4CAE-9B62-19FA5BB19686}.Release|x86.Build.0 = Release|Any CPU
		{C87736F8-65A0-4389-96C8-DA076726A861}.Debug|Any CPU.ActiveCfg = Debug|Any CPU
		{C87736F8-65A0-4389-96C8-DA076726A861}.Debug|Any CPU.Build.0 = Debug|Any CPU
		{C87736F8-65A0-4389-96C8-DA076726A861}.Debug|x64.ActiveCfg = Debug|Any CPU
		{C87736F8-65A0-4389-96C8-DA076726A861}.Debug|x64.Build.0 = Debug|Any CPU
		{C87736F8-65A0-4389-96C8-DA076726A861}.Debug|x86.ActiveCfg = Debug|Any CPU
		{C87736F8-65A0-4389-96C8-DA076726A861}.Debug|x86.Build.0 = Debug|Any CPU
		{C87736F8-65A0-4389-96C8-DA076726A861}.Release|Any CPU.ActiveCfg = Release|Any CPU
		{C87736F8-65A0-4389-96C8-DA076726A861}.Release|Any CPU.Build.0 = Release|Any CPU
		{C87736F8-65A0-4389-96C8-DA076726A861}.Release|x64.ActiveCfg = Release|Any CPU
		{C87736F8-65A0-4389-96C8-DA076726A861}.Release|x64.Build.0 = Release|Any CPU
		{C87736F8-65A0-4389-96C8-DA076726A861}.Release|x86.ActiveCfg = Release|Any CPU
		{C87736F8-65A0-4389-96C8-DA076726A861}.Release|x86.Build.0 = Release|Any CPU
		{6D11EDAC-8CA6-4908-9DF0-E6A751FE5653}.Debug|Any CPU.ActiveCfg = Debug|Any CPU
		{6D11EDAC-8CA6-4908-9DF0-E6A751FE5653}.Debug|Any CPU.Build.0 = Debug|Any CPU
		{6D11EDAC-8CA6-4908-9DF0-E6A751FE5653}.Debug|x64.ActiveCfg = Debug|Any CPU
		{6D11EDAC-8CA6-4908-9DF0-E6A751FE5653}.Debug|x64.Build.0 = Debug|Any CPU
		{6D11EDAC-8CA6-4908-9DF0-E6A751FE5653}.Debug|x86.ActiveCfg = Debug|Any CPU
		{6D11EDAC-8CA6-4908-9DF0-E6A751FE5653}.Debug|x86.Build.0 = Debug|Any CPU
		{6D11EDAC-8CA6-4908-9DF0-E6A751FE5653}.Release|Any CPU.ActiveCfg = Release|Any CPU
		{6D11EDAC-8CA6-4908-9DF0-E6A751FE5653}.Release|Any CPU.Build.0 = Release|Any CPU
		{6D11EDAC-8CA6-4908-9DF0-E6A751FE5653}.Release|x64.ActiveCfg = Release|Any CPU
		{6D11EDAC-8CA6-4908-9DF0-E6A751FE5653}.Release|x64.Build.0 = Release|Any CPU
		{6D11EDAC-8CA6-4908-9DF0-E6A751FE5653}.Release|x86.ActiveCfg = Release|Any CPU
		{6D11EDAC-8CA6-4908-9DF0-E6A751FE5653}.Release|x86.Build.0 = Release|Any CPU
		{3DB8FB5D-2B73-465D-92CD-DAB0910C820F}.Debug|Any CPU.ActiveCfg = Debug|Any CPU
		{3DB8FB5D-2B73-465D-92CD-DAB0910C820F}.Debug|Any CPU.Build.0 = Debug|Any CPU
		{3DB8FB5D-2B73-465D-92CD-DAB0910C820F}.Debug|x64.ActiveCfg = Debug|Any CPU
		{3DB8FB5D-2B73-465D-92CD-DAB0910C820F}.Debug|x64.Build.0 = Debug|Any CPU
		{3DB8FB5D-2B73-465D-92CD-DAB0910C820F}.Debug|x86.ActiveCfg = Debug|Any CPU
		{3DB8FB5D-2B73-465D-92CD-DAB0910C820F}.Debug|x86.Build.0 = Debug|Any CPU
		{3DB8FB5D-2B73-465D-92CD-DAB0910C820F}.Release|Any CPU.ActiveCfg = Release|Any CPU
		{3DB8FB5D-2B73-465D-92CD-DAB0910C820F}.Release|Any CPU.Build.0 = Release|Any CPU
		{3DB8FB5D-2B73-465D-92CD-DAB0910C820F}.Release|x64.ActiveCfg = Release|Any CPU
		{3DB8FB5D-2B73-465D-92CD-DAB0910C820F}.Release|x64.Build.0 = Release|Any CPU
		{3DB8FB5D-2B73-465D-92CD-DAB0910C820F}.Release|x86.ActiveCfg = Release|Any CPU
		{3DB8FB5D-2B73-465D-92CD-DAB0910C820F}.Release|x86.Build.0 = Release|Any CPU
		{3CC03235-722E-41AF-8197-5C889E2631AF}.Debug|Any CPU.ActiveCfg = Debug|Any CPU
		{3CC03235-722E-41AF-8197-5C889E2631AF}.Debug|Any CPU.Build.0 = Debug|Any CPU
		{3CC03235-722E-41AF-8197-5C889E2631AF}.Debug|x64.ActiveCfg = Debug|Any CPU
		{3CC03235-722E-41AF-8197-5C889E2631AF}.Debug|x64.Build.0 = Debug|Any CPU
		{3CC03235-722E-41AF-8197-5C889E2631AF}.Debug|x86.ActiveCfg = Debug|Any CPU
		{3CC03235-722E-41AF-8197-5C889E2631AF}.Debug|x86.Build.0 = Debug|Any CPU
		{3CC03235-722E-41AF-8197-5C889E2631AF}.Release|Any CPU.ActiveCfg = Release|Any CPU
		{3CC03235-722E-41AF-8197-5C889E2631AF}.Release|Any CPU.Build.0 = Release|Any CPU
		{3CC03235-722E-41AF-8197-5C889E2631AF}.Release|x64.ActiveCfg = Release|Any CPU
		{3CC03235-722E-41AF-8197-5C889E2631AF}.Release|x64.Build.0 = Release|Any CPU
		{3CC03235-722E-41AF-8197-5C889E2631AF}.Release|x86.ActiveCfg = Release|Any CPU
		{3CC03235-722E-41AF-8197-5C889E2631AF}.Release|x86.Build.0 = Release|Any CPU
		{89476AFD-7F65-4CF1-B0CB-BD59706BA213}.Debug|Any CPU.ActiveCfg = Debug|Any CPU
		{89476AFD-7F65-4CF1-B0CB-BD59706BA213}.Debug|Any CPU.Build.0 = Debug|Any CPU
		{89476AFD-7F65-4CF1-B0CB-BD59706BA213}.Debug|x64.ActiveCfg = Debug|Any CPU
		{89476AFD-7F65-4CF1-B0CB-BD59706BA213}.Debug|x64.Build.0 = Debug|Any CPU
		{89476AFD-7F65-4CF1-B0CB-BD59706BA213}.Debug|x86.ActiveCfg = Debug|Any CPU
		{89476AFD-7F65-4CF1-B0CB-BD59706BA213}.Debug|x86.Build.0 = Debug|Any CPU
		{89476AFD-7F65-4CF1-B0CB-BD59706BA213}.Release|Any CPU.ActiveCfg = Release|Any CPU
		{89476AFD-7F65-4CF1-B0CB-BD59706BA213}.Release|Any CPU.Build.0 = Release|Any CPU
		{89476AFD-7F65-4CF1-B0CB-BD59706BA213}.Release|x64.ActiveCfg = Release|Any CPU
		{89476AFD-7F65-4CF1-B0CB-BD59706BA213}.Release|x64.Build.0 = Release|Any CPU
		{89476AFD-7F65-4CF1-B0CB-BD59706BA213}.Release|x86.ActiveCfg = Release|Any CPU
		{89476AFD-7F65-4CF1-B0CB-BD59706BA213}.Release|x86.Build.0 = Release|Any CPU
		{0EBD1D07-2567-4952-AA78-7A6DA412F8D8}.Debug|Any CPU.ActiveCfg = Debug|Any CPU
		{0EBD1D07-2567-4952-AA78-7A6DA412F8D8}.Debug|Any CPU.Build.0 = Debug|Any CPU
		{0EBD1D07-2567-4952-AA78-7A6DA412F8D8}.Debug|x64.ActiveCfg = Debug|Any CPU
		{0EBD1D07-2567-4952-AA78-7A6DA412F8D8}.Debug|x64.Build.0 = Debug|Any CPU
		{0EBD1D07-2567-4952-AA78-7A6DA412F8D8}.Debug|x86.ActiveCfg = Debug|Any CPU
		{0EBD1D07-2567-4952-AA78-7A6DA412F8D8}.Debug|x86.Build.0 = Debug|Any CPU
		{0EBD1D07-2567-4952-AA78-7A6DA412F8D8}.Release|Any CPU.ActiveCfg = Release|Any CPU
		{0EBD1D07-2567-4952-AA78-7A6DA412F8D8}.Release|Any CPU.Build.0 = Release|Any CPU
		{0EBD1D07-2567-4952-AA78-7A6DA412F8D8}.Release|x64.ActiveCfg = Release|Any CPU
		{0EBD1D07-2567-4952-AA78-7A6DA412F8D8}.Release|x64.Build.0 = Release|Any CPU
		{0EBD1D07-2567-4952-AA78-7A6DA412F8D8}.Release|x86.ActiveCfg = Release|Any CPU
		{0EBD1D07-2567-4952-AA78-7A6DA412F8D8}.Release|x86.Build.0 = Release|Any CPU
		{6BEB311B-9717-4442-8DFF-C9EC8CAF45F3}.Debug|Any CPU.ActiveCfg = Debug|Any CPU
		{6BEB311B-9717-4442-8DFF-C9EC8CAF45F3}.Debug|Any CPU.Build.0 = Debug|Any CPU
		{6BEB311B-9717-4442-8DFF-C9EC8CAF45F3}.Debug|x64.ActiveCfg = Debug|Any CPU
		{6BEB311B-9717-4442-8DFF-C9EC8CAF45F3}.Debug|x64.Build.0 = Debug|Any CPU
		{6BEB311B-9717-4442-8DFF-C9EC8CAF45F3}.Debug|x86.ActiveCfg = Debug|Any CPU
		{6BEB311B-9717-4442-8DFF-C9EC8CAF45F3}.Debug|x86.Build.0 = Debug|Any CPU
		{6BEB311B-9717-4442-8DFF-C9EC8CAF45F3}.Release|Any CPU.ActiveCfg = Release|Any CPU
		{6BEB311B-9717-4442-8DFF-C9EC8CAF45F3}.Release|Any CPU.Build.0 = Release|Any CPU
		{6BEB311B-9717-4442-8DFF-C9EC8CAF45F3}.Release|x64.ActiveCfg = Release|Any CPU
		{6BEB311B-9717-4442-8DFF-C9EC8CAF45F3}.Release|x64.Build.0 = Release|Any CPU
		{6BEB311B-9717-4442-8DFF-C9EC8CAF45F3}.Release|x86.ActiveCfg = Release|Any CPU
		{6BEB311B-9717-4442-8DFF-C9EC8CAF45F3}.Release|x86.Build.0 = Release|Any CPU
		{9E73FB10-C632-4C29-A986-830D451DEE95}.Debug|Any CPU.ActiveCfg = Debug|Any CPU
		{9E73FB10-C632-4C29-A986-830D451DEE95}.Debug|Any CPU.Build.0 = Debug|Any CPU
		{9E73FB10-C632-4C29-A986-830D451DEE95}.Debug|x64.ActiveCfg = Debug|Any CPU
		{9E73FB10-C632-4C29-A986-830D451DEE95}.Debug|x64.Build.0 = Debug|Any CPU
		{9E73FB10-C632-4C29-A986-830D451DEE95}.Debug|x86.ActiveCfg = Debug|Any CPU
		{9E73FB10-C632-4C29-A986-830D451DEE95}.Debug|x86.Build.0 = Debug|Any CPU
		{9E73FB10-C632-4C29-A986-830D451DEE95}.Release|Any CPU.ActiveCfg = Release|Any CPU
		{9E73FB10-C632-4C29-A986-830D451DEE95}.Release|Any CPU.Build.0 = Release|Any CPU
		{9E73FB10-C632-4C29-A986-830D451DEE95}.Release|x64.ActiveCfg = Release|Any CPU
		{9E73FB10-C632-4C29-A986-830D451DEE95}.Release|x64.Build.0 = Release|Any CPU
		{9E73FB10-C632-4C29-A986-830D451DEE95}.Release|x86.ActiveCfg = Release|Any CPU
		{9E73FB10-C632-4C29-A986-830D451DEE95}.Release|x86.Build.0 = Release|Any CPU
		{1D445CAD-551B-4549-AD64-C1EAAD5666EA}.Debug|Any CPU.ActiveCfg = Debug|Any CPU
		{1D445CAD-551B-4549-AD64-C1EAAD5666EA}.Debug|Any CPU.Build.0 = Debug|Any CPU
		{1D445CAD-551B-4549-AD64-C1EAAD5666EA}.Debug|x64.ActiveCfg = Debug|Any CPU
		{1D445CAD-551B-4549-AD64-C1EAAD5666EA}.Debug|x64.Build.0 = Debug|Any CPU
		{1D445CAD-551B-4549-AD64-C1EAAD5666EA}.Debug|x86.ActiveCfg = Debug|Any CPU
		{1D445CAD-551B-4549-AD64-C1EAAD5666EA}.Debug|x86.Build.0 = Debug|Any CPU
		{1D445CAD-551B-4549-AD64-C1EAAD5666EA}.Release|Any CPU.ActiveCfg = Release|Any CPU
		{1D445CAD-551B-4549-AD64-C1EAAD5666EA}.Release|Any CPU.Build.0 = Release|Any CPU
		{1D445CAD-551B-4549-AD64-C1EAAD5666EA}.Release|x64.ActiveCfg = Release|Any CPU
		{1D445CAD-551B-4549-AD64-C1EAAD5666EA}.Release|x64.Build.0 = Release|Any CPU
		{1D445CAD-551B-4549-AD64-C1EAAD5666EA}.Release|x86.ActiveCfg = Release|Any CPU
		{1D445CAD-551B-4549-AD64-C1EAAD5666EA}.Release|x86.Build.0 = Release|Any CPU
		{CCAD885D-D8A0-48C0-838B-44D40978ED53}.Debug|Any CPU.ActiveCfg = Debug|Any CPU
		{CCAD885D-D8A0-48C0-838B-44D40978ED53}.Debug|Any CPU.Build.0 = Debug|Any CPU
		{CCAD885D-D8A0-48C0-838B-44D40978ED53}.Debug|x64.ActiveCfg = Debug|Any CPU
		{CCAD885D-D8A0-48C0-838B-44D40978ED53}.Debug|x64.Build.0 = Debug|Any CPU
		{CCAD885D-D8A0-48C0-838B-44D40978ED53}.Debug|x86.ActiveCfg = Debug|Any CPU
		{CCAD885D-D8A0-48C0-838B-44D40978ED53}.Debug|x86.Build.0 = Debug|Any CPU
		{CCAD885D-D8A0-48C0-838B-44D40978ED53}.Release|Any CPU.ActiveCfg = Release|Any CPU
		{CCAD885D-D8A0-48C0-838B-44D40978ED53}.Release|Any CPU.Build.0 = Release|Any CPU
		{CCAD885D-D8A0-48C0-838B-44D40978ED53}.Release|x64.ActiveCfg = Release|Any CPU
		{CCAD885D-D8A0-48C0-838B-44D40978ED53}.Release|x64.Build.0 = Release|Any CPU
		{CCAD885D-D8A0-48C0-838B-44D40978ED53}.Release|x86.ActiveCfg = Release|Any CPU
		{CCAD885D-D8A0-48C0-838B-44D40978ED53}.Release|x86.Build.0 = Release|Any CPU
		{571A0A86-18BF-4E2E-9EBC-E330C0C01FDB}.Debug|Any CPU.ActiveCfg = Debug|Any CPU
		{571A0A86-18BF-4E2E-9EBC-E330C0C01FDB}.Debug|Any CPU.Build.0 = Debug|Any CPU
		{571A0A86-18BF-4E2E-9EBC-E330C0C01FDB}.Debug|x64.ActiveCfg = Debug|Any CPU
		{571A0A86-18BF-4E2E-9EBC-E330C0C01FDB}.Debug|x64.Build.0 = Debug|Any CPU
		{571A0A86-18BF-4E2E-9EBC-E330C0C01FDB}.Debug|x86.ActiveCfg = Debug|Any CPU
		{571A0A86-18BF-4E2E-9EBC-E330C0C01FDB}.Debug|x86.Build.0 = Debug|Any CPU
		{571A0A86-18BF-4E2E-9EBC-E330C0C01FDB}.Release|Any CPU.ActiveCfg = Release|Any CPU
		{571A0A86-18BF-4E2E-9EBC-E330C0C01FDB}.Release|Any CPU.Build.0 = Release|Any CPU
		{571A0A86-18BF-4E2E-9EBC-E330C0C01FDB}.Release|x64.ActiveCfg = Release|Any CPU
		{571A0A86-18BF-4E2E-9EBC-E330C0C01FDB}.Release|x64.Build.0 = Release|Any CPU
		{571A0A86-18BF-4E2E-9EBC-E330C0C01FDB}.Release|x86.ActiveCfg = Release|Any CPU
		{571A0A86-18BF-4E2E-9EBC-E330C0C01FDB}.Release|x86.Build.0 = Release|Any CPU
		{D8301893-6C8D-4A31-8AC6-84156F085D4F}.Debug|Any CPU.ActiveCfg = Debug|Any CPU
		{D8301893-6C8D-4A31-8AC6-84156F085D4F}.Debug|Any CPU.Build.0 = Debug|Any CPU
		{D8301893-6C8D-4A31-8AC6-84156F085D4F}.Debug|x64.ActiveCfg = Debug|Any CPU
		{D8301893-6C8D-4A31-8AC6-84156F085D4F}.Debug|x64.Build.0 = Debug|Any CPU
		{D8301893-6C8D-4A31-8AC6-84156F085D4F}.Debug|x86.ActiveCfg = Debug|Any CPU
		{D8301893-6C8D-4A31-8AC6-84156F085D4F}.Debug|x86.Build.0 = Debug|Any CPU
		{D8301893-6C8D-4A31-8AC6-84156F085D4F}.Release|Any CPU.ActiveCfg = Release|Any CPU
		{D8301893-6C8D-4A31-8AC6-84156F085D4F}.Release|Any CPU.Build.0 = Release|Any CPU
		{D8301893-6C8D-4A31-8AC6-84156F085D4F}.Release|x64.ActiveCfg = Release|Any CPU
		{D8301893-6C8D-4A31-8AC6-84156F085D4F}.Release|x64.Build.0 = Release|Any CPU
		{D8301893-6C8D-4A31-8AC6-84156F085D4F}.Release|x86.ActiveCfg = Release|Any CPU
		{D8301893-6C8D-4A31-8AC6-84156F085D4F}.Release|x86.Build.0 = Release|Any CPU
		{36FDD145-779F-425D-BDFF-54E26D57CF01}.Debug|Any CPU.ActiveCfg = Debug|Any CPU
		{36FDD145-779F-425D-BDFF-54E26D57CF01}.Debug|Any CPU.Build.0 = Debug|Any CPU
		{36FDD145-779F-425D-BDFF-54E26D57CF01}.Debug|x64.ActiveCfg = Debug|Any CPU
		{36FDD145-779F-425D-BDFF-54E26D57CF01}.Debug|x64.Build.0 = Debug|Any CPU
		{36FDD145-779F-425D-BDFF-54E26D57CF01}.Debug|x86.ActiveCfg = Debug|Any CPU
		{36FDD145-779F-425D-BDFF-54E26D57CF01}.Debug|x86.Build.0 = Debug|Any CPU
		{36FDD145-779F-425D-BDFF-54E26D57CF01}.Release|Any CPU.ActiveCfg = Release|Any CPU
		{36FDD145-779F-425D-BDFF-54E26D57CF01}.Release|Any CPU.Build.0 = Release|Any CPU
		{36FDD145-779F-425D-BDFF-54E26D57CF01}.Release|x64.ActiveCfg = Release|Any CPU
		{36FDD145-779F-425D-BDFF-54E26D57CF01}.Release|x64.Build.0 = Release|Any CPU
		{36FDD145-779F-425D-BDFF-54E26D57CF01}.Release|x86.ActiveCfg = Release|Any CPU
		{36FDD145-779F-425D-BDFF-54E26D57CF01}.Release|x86.Build.0 = Release|Any CPU
		{A81531D1-08A8-4CE4-9448-B4E7AB43F443}.Debug|Any CPU.ActiveCfg = Debug|Any CPU
		{A81531D1-08A8-4CE4-9448-B4E7AB43F443}.Debug|Any CPU.Build.0 = Debug|Any CPU
		{A81531D1-08A8-4CE4-9448-B4E7AB43F443}.Debug|x64.ActiveCfg = Debug|Any CPU
		{A81531D1-08A8-4CE4-9448-B4E7AB43F443}.Debug|x64.Build.0 = Debug|Any CPU
		{A81531D1-08A8-4CE4-9448-B4E7AB43F443}.Debug|x86.ActiveCfg = Debug|Any CPU
		{A81531D1-08A8-4CE4-9448-B4E7AB43F443}.Debug|x86.Build.0 = Debug|Any CPU
		{A81531D1-08A8-4CE4-9448-B4E7AB43F443}.Release|Any CPU.ActiveCfg = Release|Any CPU
		{A81531D1-08A8-4CE4-9448-B4E7AB43F443}.Release|Any CPU.Build.0 = Release|Any CPU
		{A81531D1-08A8-4CE4-9448-B4E7AB43F443}.Release|x64.ActiveCfg = Release|Any CPU
		{A81531D1-08A8-4CE4-9448-B4E7AB43F443}.Release|x64.Build.0 = Release|Any CPU
		{A81531D1-08A8-4CE4-9448-B4E7AB43F443}.Release|x86.ActiveCfg = Release|Any CPU
		{A81531D1-08A8-4CE4-9448-B4E7AB43F443}.Release|x86.Build.0 = Release|Any CPU
	EndGlobalSection
	GlobalSection(SolutionProperties) = preSolution
		HideSolutionNode = FALSE
	EndGlobalSection
	GlobalSection(NestedProjects) = preSolution
		{FCB8C1C1-46FA-4B7A-97B7-7530AF0C9BBC} = {827E0CD3-B72D-47B6-A68D-7590B98EB39B}
		{2AC656F9-BB77-4CCE-BBB4-E5F76918B4DE} = {827E0CD3-B72D-47B6-A68D-7590B98EB39B}
		{6829EA4E-3FDF-4CAE-9B62-19FA5BB19686} = {827E0CD3-B72D-47B6-A68D-7590B98EB39B}
		{C87736F8-65A0-4389-96C8-DA076726A861} = {827E0CD3-B72D-47B6-A68D-7590B98EB39B}
		{6D11EDAC-8CA6-4908-9DF0-E6A751FE5653} = {827E0CD3-B72D-47B6-A68D-7590B98EB39B}
		{3DB8FB5D-2B73-465D-92CD-DAB0910C820F} = {827E0CD3-B72D-47B6-A68D-7590B98EB39B}
		{3CC03235-722E-41AF-8197-5C889E2631AF} = {827E0CD3-B72D-47B6-A68D-7590B98EB39B}
		{89476AFD-7F65-4CF1-B0CB-BD59706BA213} = {827E0CD3-B72D-47B6-A68D-7590B98EB39B}
		{0EBD1D07-2567-4952-AA78-7A6DA412F8D8} = {827E0CD3-B72D-47B6-A68D-7590B98EB39B}
		{6BEB311B-9717-4442-8DFF-C9EC8CAF45F3} = {827E0CD3-B72D-47B6-A68D-7590B98EB39B}
		{9E73FB10-C632-4C29-A986-830D451DEE95} = {20543853-AF10-B830-2A3D-9FE9F6ECBF6C}
		{1D445CAD-551B-4549-AD64-C1EAAD5666EA} = {0AB3BF05-4346-4AA6-1389-037BE0695223}
		{CCAD885D-D8A0-48C0-838B-44D40978ED53} = {0AB3BF05-4346-4AA6-1389-037BE0695223}
		{571A0A86-18BF-4E2E-9EBC-E330C0C01FDB} = {0AB3BF05-4346-4AA6-1389-037BE0695223}
		{1C8B2A20-2122-0F0C-E3DC-3AE7C1E384F0} = {0AB3BF05-4346-4AA6-1389-037BE0695223}
		{D8301893-6C8D-4A31-8AC6-84156F085D4F} = {1C8B2A20-2122-0F0C-E3DC-3AE7C1E384F0}
		{36FDD145-779F-425D-BDFF-54E26D57CF01} = {1C8B2A20-2122-0F0C-E3DC-3AE7C1E384F0}
		{A81531D1-08A8-4CE4-9448-B4E7AB43F443} = {1C8B2A20-2122-0F0C-E3DC-3AE7C1E384F0}
	EndGlobalSection
EndGlobal
